
Microsoft Visual Studio Solution File, Format Version 12.00
# Visual Studio Version 17
VisualStudioVersion = 17.4.33122.133
MinimumVisualStudioVersion = 10.0.40219.1
Project("{9A19103F-16F7-4668-BE54-9A1E7A4F7556}") = "LinkedInLight", "LinkedInLight\LinkedInLight.csproj", "{8D63A71D-AC32-49C2-AB63-5D8D0E289954}"
EndProject
Project("{9A19103F-16F7-4668-BE54-9A1E7A4F7556}") = "DLL", "DLL\DLL.csproj", "{16285AFE-38A6-4C28-B985-D3D487F6B313}"
EndProject
Project("{9A19103F-16F7-4668-BE54-9A1E7A4F7556}") = "BLL", "BLL\BLL.csproj", "{68C053C0-1D49-4949-AFC8-2CFF6D152B15}"
EndProject
Project("{FAE04EC0-301F-11D3-BF4B-00C04F79EFBC}") = "Domain", "Domain\Domain.csproj", "{B664768E-A6BC-4C34-95E7-021D2EEDA85B}"
EndProject
Global
	GlobalSection(SolutionConfigurationPlatforms) = preSolution
		Debug|Any CPU = Debug|Any CPU
		Release|Any CPU = Release|Any CPU
	EndGlobalSection
	GlobalSection(ProjectConfigurationPlatforms) = postSolution
		{8D63A71D-AC32-49C2-AB63-5D8D0E289954}.Debug|Any CPU.ActiveCfg = Debug|Any CPU
		{8D63A71D-AC32-49C2-AB63-5D8D0E289954}.Debug|Any CPU.Build.0 = Debug|Any CPU
		{8D63A71D-AC32-49C2-AB63-5D8D0E289954}.Release|Any CPU.ActiveCfg = Release|Any CPU
		{8D63A71D-AC32-49C2-AB63-5D8D0E289954}.Release|Any CPU.Build.0 = Release|Any CPU
		{16285AFE-38A6-4C28-B985-D3D487F6B313}.Debug|Any CPU.ActiveCfg = Debug|Any CPU
		{16285AFE-38A6-4C28-B985-D3D487F6B313}.Debug|Any CPU.Build.0 = Debug|Any CPU
		{16285AFE-38A6-4C28-B985-D3D487F6B313}.Release|Any CPU.ActiveCfg = Release|Any CPU
		{16285AFE-38A6-4C28-B985-D3D487F6B313}.Release|Any CPU.Build.0 = Release|Any CPU
		{68C053C0-1D49-4949-AFC8-2CFF6D152B15}.Debug|Any CPU.ActiveCfg = Debug|Any CPU
		{68C053C0-1D49-4949-AFC8-2CFF6D152B15}.Debug|Any CPU.Build.0 = Debug|Any CPU
		{68C053C0-1D49-4949-AFC8-2CFF6D152B15}.Release|Any CPU.ActiveCfg = Release|Any CPU
		{68C053C0-1D49-4949-AFC8-2CFF6D152B15}.Release|Any CPU.Build.0 = Release|Any CPU
		{B664768E-A6BC-4C34-95E7-021D2EEDA85B}.Debug|Any CPU.ActiveCfg = Debug|Any CPU
		{B664768E-A6BC-4C34-95E7-021D2EEDA85B}.Debug|Any CPU.Build.0 = Debug|Any CPU
		{B664768E-A6BC-4C34-95E7-021D2EEDA85B}.Release|Any CPU.ActiveCfg = Release|Any CPU
		{B664768E-A6BC-4C34-95E7-021D2EEDA85B}.Release|Any CPU.Build.0 = Release|Any CPU
	EndGlobalSection
	GlobalSection(SolutionProperties) = preSolution
		HideSolutionNode = FALSE
	EndGlobalSection
	GlobalSection(ExtensibilityGlobals) = postSolution
		SolutionGuid = {244EA768-DC48-471B-AE76-79A762D195A0}
	EndGlobalSection
EndGlobal
